version = 1
revision = 3
requires-python = ">=3.12"

[[package]]
name = "aiosmtplib"
version = "4.0.2"
source = { registry = "https://pypi.org/simple" }
sdist = { url = "https://files.pythonhosted.org/packages/0f/e1/cc58e0be242f0b410707e001ed22c689435964fcaab42108887426e44fff/aiosmtplib-4.0.2.tar.gz", hash = "sha256:f0b4933e7270a8be2b588761e5b12b7334c11890ee91987c2fb057e72f566da6", size = 61052, upload-time = "2025-08-25T02:39:07.249Z" }
wheels = [
    { url = "https://files.pythonhosted.org/packages/f1/2f/db9414bbeacee48ab0c7421a0319b361b7c15b5c3feebcd38684f5d5f849/aiosmtplib-4.0.2-py3-none-any.whl", hash = "sha256:72491f96e6de035c28d29870186782eccb2f651db9c5f8a32c9db689327f5742", size = 27048, upload-time = "2025-08-25T02:39:06.089Z" },
]

[[package]]
name = "gmail-client"
version = "0.1.0"
source = { editable = "." }
dependencies = [
    { name = "aiosmtplib" },
]

[package.metadata]
requires-dist = [{ name = "aiosmtplib", specifier = ">=4.0.2" }]
